
Microsoft Visual Studio Solution File, Format Version 12.00
# Visual Studio Version 16
VisualStudioVersion = 16.0.31005.135
MinimumVisualStudioVersion = 10.0.40219.1
Project("{FAE04EC0-301F-11D3-BF4B-00C04F79EFBC}") = "websocket_host", "websocket_host.csproj", "{9D7F90FA-5762-423B-BD22-DD193F465E9D}"
EndProject
Global
	GlobalSection(SolutionConfigurationPlatforms) = preSolution
		Debug|Any CPU = Debug|Any CPU
		Release|Any CPU = Release|Any CPU
	EndGlobalSection
	GlobalSection(ProjectConfigurationPlatforms) = postSolution
		{9D7F90FA-5762-423B-BD22-DD193F465E9D}.Debug|Any CPU.ActiveCfg = Debug|Any CPU
		{9D7F90FA-5762-423B-BD22-DD193F465E9D}.Debug|Any CPU.Build.0 = Debug|Any CPU
		{9D7F90FA-5762-423B-BD22-DD193F465E9D}.Release|Any CPU.ActiveCfg = Release|Any CPU
		{9D7F90FA-5762-423B-BD22-DD193F465E9D}.Release|Any CPU.Build.0 = Release|Any CPU
	EndGlobalSection
	GlobalSection(SolutionProperties) = preSolution
		HideSolutionNode = FALSE
	EndGlobalSection
	GlobalSection(ExtensibilityGlobals) = postSolution
		SolutionGuid = {D5498E02-829A-4805-91BC-21B2ED62616B}
	EndGlobalSection
EndGlobal
